
Microsoft Visual Studio Solution File, Format Version 12.00
Project("{FAE04EC0-301F-11D3-BF4B-00C04F79EFBC}") = "Formula", "Formula\Formula.csproj", "{43BF093D-8711-4A77-983E-F2ABCD20AA35}"
EndProject
Project("{FAE04EC0-301F-11D3-BF4B-00C04F79EFBC}") = "FormulaTests", "FormulaTests\FormulaTests.csproj", "{8F8A2B8F-FA48-42ED-A87D-93F6D62B6ACA}"
EndProject
Global
	GlobalSection(SolutionConfigurationPlatforms) = preSolution
		Debug|Any CPU = Debug|Any CPU
		Release|Any CPU = Release|Any CPU
	EndGlobalSection
	GlobalSection(ProjectConfigurationPlatforms) = postSolution
		{43BF093D-8711-4A77-983E-F2ABCD20AA35}.Debug|Any CPU.ActiveCfg = Debug|Any CPU
		{43BF093D-8711-4A77-983E-F2ABCD20AA35}.Debug|Any CPU.Build.0 = Debug|Any CPU
		{43BF093D-8711-4A77-983E-F2ABCD20AA35}.Release|Any CPU.ActiveCfg = Release|Any CPU
		{43BF093D-8711-4A77-983E-F2ABCD20AA35}.Release|Any CPU.Build.0 = Release|Any CPU
		{8F8A2B8F-FA48-42ED-A87D-93F6D62B6ACA}.Debug|Any CPU.ActiveCfg = Debug|Any CPU
		{8F8A2B8F-FA48-42ED-A87D-93F6D62B6ACA}.Debug|Any CPU.Build.0 = Debug|Any CPU
		{8F8A2B8F-FA48-42ED-A87D-93F6D62B6ACA}.Release|Any CPU.ActiveCfg = Release|Any CPU
		{8F8A2B8F-FA48-42ED-A87D-93F6D62B6ACA}.Release|Any CPU.Build.0 = Release|Any CPU
	EndGlobalSection
EndGlobal
